
Microsoft Visual Studio Solution File, Format Version 12.00
# Visual Studio Version 17
VisualStudioVersion = 17.5.002.0
MinimumVisualStudioVersion = 10.0.40219.1
Project("{9A19103F-16F7-4668-BE54-9A1E7A4F7556}") = "Badeend.ValueCollections", "Badeend.ValueCollections\Badeend.ValueCollections.csproj", "{7C6B2C76-99E9-4BDF-B2FD-3BC31A440569}"
EndProject
Project("{FAE04EC0-301F-11D3-BF4B-00C04F79EFBC}") = "Badeend.ValueCollections.Tests", "Badeend.ValueCollections.Tests\Badeend.ValueCollections.Tests.csproj", "{249F2C6C-BF5E-4D0E-81F7-320F374491DA}"
EndProject
Project("{FAE04EC0-301F-11D3-BF4B-00C04F79EFBC}") = "Badeend.ValueCollections.SystemTextJson", "Badeend.ValueCollections.SystemTextJson\Badeend.ValueCollections.SystemTextJson.csproj", "{BB54BBF9-249C-4B5B-95FE-1A1EAD2752AB}"
EndProject
Project("{FAE04EC0-301F-11D3-BF4B-00C04F79EFBC}") = "Badeend.ValueCollections.NewtonsoftJson", "Badeend.ValueCollections.NewtonsoftJson\Badeend.ValueCollections.NewtonsoftJson.csproj", "{824B389A-D7F1-49EF-B026-6C123E15159E}"
EndProject
Project("{FAE04EC0-301F-11D3-BF4B-00C04F79EFBC}") = "Badeend.ValueCollections.Benchmarks", "Badeend.ValueCollections.Benchmarks\Badeend.ValueCollections.Benchmarks.csproj", "{F94C9A16-F49B-4638-A601-7DDB512D9C9F}"
EndProject
Global
	GlobalSection(SolutionConfigurationPlatforms) = preSolution
		Debug|Any CPU = Debug|Any CPU
		Release|Any CPU = Release|Any CPU
	EndGlobalSection
	GlobalSection(ProjectConfigurationPlatforms) = postSolution
		{7C6B2C76-99E9-4BDF-B2FD-3BC31A440569}.Debug|Any CPU.ActiveCfg = Debug|Any CPU
		{7C6B2C76-99E9-4BDF-B2FD-3BC31A440569}.Debug|Any CPU.Build.0 = Debug|Any CPU
		{7C6B2C76-99E9-4BDF-B2FD-3BC31A440569}.Release|Any CPU.ActiveCfg = Release|Any CPU
		{7C6B2C76-99E9-4BDF-B2FD-3BC31A440569}.Release|Any CPU.Build.0 = Release|Any CPU
		{249F2C6C-BF5E-4D0E-81F7-320F374491DA}.Debug|Any CPU.ActiveCfg = Debug|Any CPU
		{249F2C6C-BF5E-4D0E-81F7-320F374491DA}.Debug|Any CPU.Build.0 = Debug|Any CPU
		{249F2C6C-BF5E-4D0E-81F7-320F374491DA}.Release|Any CPU.ActiveCfg = Release|Any CPU
		{249F2C6C-BF5E-4D0E-81F7-320F374491DA}.Release|Any CPU.Build.0 = Release|Any CPU
		{BB54BBF9-249C-4B5B-95FE-1A1EAD2752AB}.Debug|Any CPU.ActiveCfg = Debug|Any CPU
		{BB54BBF9-249C-4B5B-95FE-1A1EAD2752AB}.Debug|Any CPU.Build.0 = Debug|Any CPU
		{BB54BBF9-249C-4B5B-95FE-1A1EAD2752AB}.Release|Any CPU.ActiveCfg = Release|Any CPU
		{BB54BBF9-249C-4B5B-95FE-1A1EAD2752AB}.Release|Any CPU.Build.0 = Release|Any CPU
		{824B389A-D7F1-49EF-B026-6C123E15159E}.Debug|Any CPU.ActiveCfg = Debug|Any CPU
		{824B389A-D7F1-49EF-B026-6C123E15159E}.Debug|Any CPU.Build.0 = Debug|Any CPU
		{824B389A-D7F1-49EF-B026-6C123E15159E}.Release|Any CPU.ActiveCfg = Release|Any CPU
		{824B389A-D7F1-49EF-B026-6C123E15159E}.Release|Any CPU.Build.0 = Release|Any CPU
		{F94C9A16-F49B-4638-A601-7DDB512D9C9F}.Debug|Any CPU.ActiveCfg = Debug|Any CPU
		{F94C9A16-F49B-4638-A601-7DDB512D9C9F}.Debug|Any CPU.Build.0 = Debug|Any CPU
		{F94C9A16-F49B-4638-A601-7DDB512D9C9F}.Release|Any CPU.ActiveCfg = Release|Any CPU
		{F94C9A16-F49B-4638-A601-7DDB512D9C9F}.Release|Any CPU.Build.0 = Release|Any CPU
	EndGlobalSection
	GlobalSection(SolutionProperties) = preSolution
		HideSolutionNode = FALSE
	EndGlobalSection
	GlobalSection(ExtensibilityGlobals) = postSolution
		SolutionGuid = {C8D8085A-CEB3-41B9-A473-CF3C621FE324}
	EndGlobalSection
EndGlobal
